
Microsoft Visual Studio Solution File, Format Version 11.00
# Visual Studio 2010
Project("{FAE04EC0-301F-11D3-BF4B-00C04F79EFBC}") = "Assembly-CSharp", "Assembly-CSharp.csproj", "{a551144a-5583-4056-fead-b626d4fc0191}"
EndProject
Project("{FAE04EC0-301F-11D3-BF4B-00C04F79EFBC}") = "TheraBytes.BetterUi.Runtime", "TheraBytes.BetterUi.Runtime.csproj", "{2ecc8a2b-ec96-20b9-ce2d-058963d7eab8}"
EndProject
Project("{FAE04EC0-301F-11D3-BF4B-00C04F79EFBC}") = "Sirenix.OdinInspector.CompatibilityLayer", "Sirenix.OdinInspector.CompatibilityLayer.csproj", "{5f759961-ca8b-1431-c28a-c990fbc3ccc1}"
EndProject
Project("{FAE04EC0-301F-11D3-BF4B-00C04F79EFBC}") = "ToonyColorsPro.Runtime", "ToonyColorsPro.Runtime.csproj", "{56654654-e331-c051-c8ed-aeeb4acff87d}"
EndProject
Project("{FAE04EC0-301F-11D3-BF4B-00C04F79EFBC}") = "Assembly-CSharp-Editor", "Assembly-CSharp-Editor.csproj", "{b77088a9-767e-16af-ffda-827bb7b8c5ee}"
EndProject
Project("{FAE04EC0-301F-11D3-BF4B-00C04F79EFBC}") = "TheraBytes.BetterUi.Editor", "TheraBytes.BetterUi.Editor.csproj", "{2456f702-4a04-1e0a-e7dd-b47c6f240a83}"
EndProject
Project("{FAE04EC0-301F-11D3-BF4B-00C04F79EFBC}") = "Sirenix.OdinInspector.CompatibilityLayer.Editor", "Sirenix.OdinInspector.CompatibilityLayer.Editor.csproj", "{2505a56b-28b2-e436-c5dc-6d35c57ebb74}"
EndProject
Project("{FAE04EC0-301F-11D3-BF4B-00C04F79EFBC}") = "ToonyColorsPro.Editor", "ToonyColorsPro.Editor.csproj", "{26ced4b7-8937-deae-2f31-be442abc21fd}"
EndProject
Global
	GlobalSection(SolutionConfigurationPlatforms) = preSolution
		Debug|Any CPU = Debug|Any CPU
	EndGlobalSection
	GlobalSection(ProjectConfigurationPlatforms) = postSolution
		{a551144a-5583-4056-fead-b626d4fc0191}.Debug|Any CPU.ActiveCfg = Debug|Any CPU
		{a551144a-5583-4056-fead-b626d4fc0191}.Debug|Any CPU.Build.0 = Debug|Any CPU
		{2ecc8a2b-ec96-20b9-ce2d-058963d7eab8}.Debug|Any CPU.ActiveCfg = Debug|Any CPU
		{2ecc8a2b-ec96-20b9-ce2d-058963d7eab8}.Debug|Any CPU.Build.0 = Debug|Any CPU
		{5f759961-ca8b-1431-c28a-c990fbc3ccc1}.Debug|Any CPU.ActiveCfg = Debug|Any CPU
		{5f759961-ca8b-1431-c28a-c990fbc3ccc1}.Debug|Any CPU.Build.0 = Debug|Any CPU
		{56654654-e331-c051-c8ed-aeeb4acff87d}.Debug|Any CPU.ActiveCfg = Debug|Any CPU
		{56654654-e331-c051-c8ed-aeeb4acff87d}.Debug|Any CPU.Build.0 = Debug|Any CPU
		{b77088a9-767e-16af-ffda-827bb7b8c5ee}.Debug|Any CPU.ActiveCfg = Debug|Any CPU
		{b77088a9-767e-16af-ffda-827bb7b8c5ee}.Debug|Any CPU.Build.0 = Debug|Any CPU
		{2456f702-4a04-1e0a-e7dd-b47c6f240a83}.Debug|Any CPU.ActiveCfg = Debug|Any CPU
		{2456f702-4a04-1e0a-e7dd-b47c6f240a83}.Debug|Any CPU.Build.0 = Debug|Any CPU
		{2505a56b-28b2-e436-c5dc-6d35c57ebb74}.Debug|Any CPU.ActiveCfg = Debug|Any CPU
		{2505a56b-28b2-e436-c5dc-6d35c57ebb74}.Debug|Any CPU.Build.0 = Debug|Any CPU
		{26ced4b7-8937-deae-2f31-be442abc21fd}.Debug|Any CPU.ActiveCfg = Debug|Any CPU
		{26ced4b7-8937-deae-2f31-be442abc21fd}.Debug|Any CPU.Build.0 = Debug|Any CPU
	EndGlobalSection
	GlobalSection(SolutionProperties) = preSolution
		HideSolutionNode = FALSE
	EndGlobalSection
EndGlobal
